
Microsoft Visual Studio Solution File, Format Version 12.00
# Visual Studio Version 17
VisualStudioVersion = 17.5.33424.131
MinimumVisualStudioVersion = 10.0.40219.1
Project("{FAE04EC0-301F-11D3-BF4B-00C04F79EFBC}") = "TASK2", "TASK2\TASK2.csproj", "{ED8354AF-8073-43C6-A1F8-C86F8DC8052F}"
EndProject
Global
	GlobalSection(SolutionConfigurationPlatforms) = preSolution
		Debug|Any CPU = Debug|Any CPU
		Release|Any CPU = Release|Any CPU
	EndGlobalSection
	GlobalSection(ProjectConfigurationPlatforms) = postSolution
		{ED8354AF-8073-43C6-A1F8-C86F8DC8052F}.Debug|Any CPU.ActiveCfg = Debug|Any CPU
		{ED8354AF-8073-43C6-A1F8-C86F8DC8052F}.Debug|Any CPU.Build.0 = Debug|Any CPU
		{ED8354AF-8073-43C6-A1F8-C86F8DC8052F}.Release|Any CPU.ActiveCfg = Release|Any CPU
		{ED8354AF-8073-43C6-A1F8-C86F8DC8052F}.Release|Any CPU.Build.0 = Release|Any CPU
	EndGlobalSection
	GlobalSection(SolutionProperties) = preSolution
		HideSolutionNode = FALSE
	EndGlobalSection
	GlobalSection(ExtensibilityGlobals) = postSolution
		SolutionGuid = {FAD05EEA-DFE3-4CEF-967F-A934E9B20DA3}
	EndGlobalSection
EndGlobal
